# This file is automatically @generated by Cargo.
# It is not intended for manual editing.
version = 3

[[package]]
name = "elf"
version = "0.7.3"
source = "registry+https://github.com/rust-lang/crates.io-index"
checksum = "7f6e7d85896690fe195447717af8eceae0593ac2196fd42fe88c184e904406ce"

[[package]]
name = "riscvemu"
version = "0.1.0"
dependencies = [
 "elf",
]
